// !$*UTF8*$!
{
	archiveVersion = 1;
	classes = {
	};
	objectVersion = 51;
	objects = {

/* Begin PBXBuildFile section */
		0D36809095D80B0DCACF3CD0 /* Pods_quelp_appTests.framework in Frameworks */ = {isa = PBXBuildFile; fileRef = 5CD64C520297D47A9759CE31 /* Pods_quelp_appTests.framework */; };
		5BEECDBA5B461342BDBDCA1D /* Pods_quelp_app.framework in Frameworks */ = {isa = PBXBuildFile; fileRef = A8796655D4A36891F07ECCD9 /* Pods_quelp_app.framework */; };
		7A4578AA397E41AE18E18AB0 /* Pods_quelp_app_quelp_appUITests.framework in Frameworks */ = {isa = PBXBuildFile; fileRef = D65E73942739E82F51C0EE64 /* Pods_quelp_app_quelp_appUITests.framework */; };
		FA035AC32615C2A5008484D1 /* BusinessRequests.swift in Sources */ = {isa = PBXBuildFile; fileRef = FA035AC22615C2A5008484D1 /* BusinessRequests.swift */; };
		FA035ACB2615C2EB008484D1 /* RequestPlugins.swift in Sources */ = {isa = PBXBuildFile; fileRef = FA035ACA2615C2EB008484D1 /* RequestPlugins.swift */; };
		FA2E72C62616F4D0001FB82C /* BusinessSearchViewController.swift in Sources */ = {isa = PBXBuildFile; fileRef = FA2E72C42616F4D0001FB82C /* BusinessSearchViewController.swift */; };
		FA2E72C72616F4D0001FB82C /* BusinessSearchViewController.xib in Resources */ = {isa = PBXBuildFile; fileRef = FA2E72C52616F4D0001FB82C /* BusinessSearchViewController.xib */; };
		FA2E72F526170757001FB82C /* TextField+Extension.swift in Sources */ = {isa = PBXBuildFile; fileRef = FA2E72F426170757001FB82C /* TextField+Extension.swift */; };
		FA9708F326170CDD003493C3 /* BusinessSearchResultViewController.swift in Sources */ = {isa = PBXBuildFile; fileRef = FA9708F126170CDD003493C3 /* BusinessSearchResultViewController.swift */; };
		FA9708F426170CDD003493C3 /* BusinessSearchResultViewController.xib in Resources */ = {isa = PBXBuildFile; fileRef = FA9708F226170CDD003493C3 /* BusinessSearchResultViewController.xib */; };
		FA97BA3B2615C7F100B14E86 /* Loading_Airplane_Animation.json in Resources */ = {isa = PBXBuildFile; fileRef = FA97BA3A2615C7F100B14E86 /* Loading_Airplane_Animation.json */; };
		FA97BA882615C88A00B14E86 /* QALoadingView.swift in Sources */ = {isa = PBXBuildFile; fileRef = FA97BA872615C88A00B14E86 /* QALoadingView.swift */; };
		FA97BA8D2615C89C00B14E86 /* Constants.swift in Sources */ = {isa = PBXBuildFile; fileRef = FA97BA8C2615C89C00B14E86 /* Constants.swift */; };
		FA97BA9E2615D90300B14E86 /* BusinessModel.swift in Sources */ = {isa = PBXBuildFile; fileRef = FA97BA9D2615D90300B14E86 /* BusinessModel.swift */; };
		FA97BAA42616E18D00B14E86 /* BusinessSearchResultCell.swift in Sources */ = {isa = PBXBuildFile; fileRef = FA97BAA22616E18D00B14E86 /* BusinessSearchResultCell.swift */; };
		FA97BAA52616E18D00B14E86 /* BusinessSearchResultCell.xib in Resources */ = {isa = PBXBuildFile; fileRef = FA97BAA32616E18D00B14E86 /* BusinessSearchResultCell.xib */; };
		FA97BAAA2616E6B400B14E86 /* BusinessSearchResultCellViewModel.swift in Sources */ = {isa = PBXBuildFile; fileRef = FA97BAA92616E6B400B14E86 /* BusinessSearchResultCellViewModel.swift */; };
		FA97BAB22616E85A00B14E86 /* UIImage+Extension.swift in Sources */ = {isa = PBXBuildFile; fileRef = FA97BAB12616E85A00B14E86 /* UIImage+Extension.swift */; };
		FA97BAD62616EA4F00B14E86 /* UIImageView+Extension.swift in Sources */ = {isa = PBXBuildFile; fileRef = FA97BAD52616EA4E00B14E86 /* UIImageView+Extension.swift */; };
		FACF9D2D2615BFCC0049AF80 /* AppDelegate.swift in Sources */ = {isa = PBXBuildFile; fileRef = FACF9D2C2615BFCC0049AF80 /* AppDelegate.swift */; };
		FACF9D2F2615BFCC0049AF80 /* SceneDelegate.swift in Sources */ = {isa = PBXBuildFile; fileRef = FACF9D2E2615BFCC0049AF80 /* SceneDelegate.swift */; };
		FACF9D312615BFCC0049AF80 /* ViewController.swift in Sources */ = {isa = PBXBuildFile; fileRef = FACF9D302615BFCC0049AF80 /* ViewController.swift */; };
		FACF9D342615BFCC0049AF80 /* Main.storyboard in Resources */ = {isa = PBXBuildFile; fileRef = FACF9D322615BFCC0049AF80 /* Main.storyboard */; };
		FACF9D362615BFCD0049AF80 /* Assets.xcassets in Resources */ = {isa = PBXBuildFile; fileRef = FACF9D352615BFCD0049AF80 /* Assets.xcassets */; };
		FACF9D392615BFCD0049AF80 /* LaunchScreen.storyboard in Resources */ = {isa = PBXBuildFile; fileRef = FACF9D372615BFCD0049AF80 /* LaunchScreen.storyboard */; };
		FACF9D442615BFCD0049AF80 /* quelp_appTests.swift in Sources */ = {isa = PBXBuildFile; fileRef = FACF9D432615BFCD0049AF80 /* quelp_appTests.swift */; };
		FACF9D4F2615BFCD0049AF80 /* quelp_appUITests.swift in Sources */ = {isa = PBXBuildFile; fileRef = FACF9D4E2615BFCD0049AF80 /* quelp_appUITests.swift */; };
/* End PBXBuildFile section */

/* Begin PBXContainerItemProxy section */
		FACF9D402615BFCD0049AF80 /* PBXContainerItemProxy */ = {
			isa = PBXContainerItemProxy;
			containerPortal = FACF9D212615BFCC0049AF80 /* Project object */;
			proxyType = 1;
			remoteGlobalIDString = FACF9D282615BFCC0049AF80;
			remoteInfo = "quelp-app";
		};
		FACF9D4B2615BFCD0049AF80 /* PBXContainerItemProxy */ = {
			isa = PBXContainerItemProxy;
			containerPortal = FACF9D212615BFCC0049AF80 /* Project object */;
			proxyType = 1;
			remoteGlobalIDString = FACF9D282615BFCC0049AF80;
			remoteInfo = "quelp-app";
		};
/* End PBXContainerItemProxy section */

/* Begin PBXFileReference section */
		00D014FD6A984A0B4C912962 /* Pods-quelp-app-quelp-appUITests.debug.xcconfig */ = {isa = PBXFileReference; includeInIndex = 1; lastKnownFileType = text.xcconfig; name = "Pods-quelp-app-quelp-appUITests.debug.xcconfig"; path = "Target Support Files/Pods-quelp-app-quelp-appUITests/Pods-quelp-app-quelp-appUITests.debug.xcconfig"; sourceTree = "<group>"; };
		3FC6B260E6031E145437849B /* Pods-quelp-appTests.release.xcconfig */ = {isa = PBXFileReference; includeInIndex = 1; lastKnownFileType = text.xcconfig; name = "Pods-quelp-appTests.release.xcconfig"; path = "Target Support Files/Pods-quelp-appTests/Pods-quelp-appTests.release.xcconfig"; sourceTree = "<group>"; };
		5CD64C520297D47A9759CE31 /* Pods_quelp_appTests.framework */ = {isa = PBXFileReference; explicitFileType = wrapper.framework; includeInIndex = 0; path = Pods_quelp_appTests.framework; sourceTree = BUILT_PRODUCTS_DIR; };
		9095D901FC8E8C0D9D6D0073 /* Pods-quelp-app.debug.xcconfig */ = {isa = PBXFileReference; includeInIndex = 1; lastKnownFileType = text.xcconfig; name = "Pods-quelp-app.debug.xcconfig"; path = "Target Support Files/Pods-quelp-app/Pods-quelp-app.debug.xcconfig"; sourceTree = "<group>"; };
		9B2B9797ACC3C5BEC73519C9 /* Pods-quelp-appTests.debug.xcconfig */ = {isa = PBXFileReference; includeInIndex = 1; lastKnownFileType = text.xcconfig; name = "Pods-quelp-appTests.debug.xcconfig"; path = "Target Support Files/Pods-quelp-appTests/Pods-quelp-appTests.debug.xcconfig"; sourceTree = "<group>"; };
		A8796655D4A36891F07ECCD9 /* Pods_quelp_app.framework */ = {isa = PBXFileReference; explicitFileType = wrapper.framework; includeInIndex = 0; path = Pods_quelp_app.framework; sourceTree = BUILT_PRODUCTS_DIR; };
		AB9A035486F8200D82667691 /* Pods-quelp-app.release.xcconfig */ = {isa = PBXFileReference; includeInIndex = 1; lastKnownFileType = text.xcconfig; name = "Pods-quelp-app.release.xcconfig"; path = "Target Support Files/Pods-quelp-app/Pods-quelp-app.release.xcconfig"; sourceTree = "<group>"; };
		C07D529E2C75FE68C7214CB2 /* Pods-quelp-app-quelp-appUITests.release.xcconfig */ = {isa = PBXFileReference; includeInIndex = 1; lastKnownFileType = text.xcconfig; name = "Pods-quelp-app-quelp-appUITests.release.xcconfig"; path = "Target Support Files/Pods-quelp-app-quelp-appUITests/Pods-quelp-app-quelp-appUITests.release.xcconfig"; sourceTree = "<group>"; };
		D65E73942739E82F51C0EE64 /* Pods_quelp_app_quelp_appUITests.framework */ = {isa = PBXFileReference; explicitFileType = wrapper.framework; includeInIndex = 0; path = Pods_quelp_app_quelp_appUITests.framework; sourceTree = BUILT_PRODUCTS_DIR; };
		FA035AC22615C2A5008484D1 /* BusinessRequests.swift */ = {isa = PBXFileReference; lastKnownFileType = sourcecode.swift; path = BusinessRequests.swift; sourceTree = "<group>"; };
		FA035ACA2615C2EB008484D1 /* RequestPlugins.swift */ = {isa = PBXFileReference; lastKnownFileType = sourcecode.swift; path = RequestPlugins.swift; sourceTree = "<group>"; };
		FA2E72C42616F4D0001FB82C /* BusinessSearchViewController.swift */ = {isa = PBXFileReference; lastKnownFileType = sourcecode.swift; path = BusinessSearchViewController.swift; sourceTree = "<group>"; };
		FA2E72C52616F4D0001FB82C /* BusinessSearchViewController.xib */ = {isa = PBXFileReference; lastKnownFileType = file.xib; path = BusinessSearchViewController.xib; sourceTree = "<group>"; };
		FA2E72F426170757001FB82C /* TextField+Extension.swift */ = {isa = PBXFileReference; lastKnownFileType = sourcecode.swift; path = "TextField+Extension.swift"; sourceTree = "<group>"; };
		FA9708F126170CDD003493C3 /* BusinessSearchResultViewController.swift */ = {isa = PBXFileReference; lastKnownFileType = sourcecode.swift; path = BusinessSearchResultViewController.swift; sourceTree = "<group>"; };
		FA9708F226170CDD003493C3 /* BusinessSearchResultViewController.xib */ = {isa = PBXFileReference; lastKnownFileType = file.xib; path = BusinessSearchResultViewController.xib; sourceTree = "<group>"; };
		FA97BA3A2615C7F100B14E86 /* Loading_Airplane_Animation.json */ = {isa = PBXFileReference; fileEncoding = 4; lastKnownFileType = text.json; path = Loading_Airplane_Animation.json; sourceTree = "<group>"; };
		FA97BA872615C88A00B14E86 /* QALoadingView.swift */ = {isa = PBXFileReference; lastKnownFileType = sourcecode.swift; path = QALoadingView.swift; sourceTree = "<group>"; };
		FA97BA8C2615C89C00B14E86 /* Constants.swift */ = {isa = PBXFileReference; lastKnownFileType = sourcecode.swift; path = Constants.swift; sourceTree = "<group>"; };
		FA97BA9D2615D90300B14E86 /* BusinessModel.swift */ = {isa = PBXFileReference; lastKnownFileType = sourcecode.swift; path = BusinessModel.swift; sourceTree = "<group>"; };
		FA97BAA22616E18D00B14E86 /* BusinessSearchResultCell.swift */ = {isa = PBXFileReference; lastKnownFileType = sourcecode.swift; path = BusinessSearchResultCell.swift; sourceTree = "<group>"; };
		FA97BAA32616E18D00B14E86 /* BusinessSearchResultCell.xib */ = {isa = PBXFileReference; lastKnownFileType = file.xib; path = BusinessSearchResultCell.xib; sourceTree = "<group>"; };
		FA97BAA92616E6B400B14E86 /* BusinessSearchResultCellViewModel.swift */ = {isa = PBXFileReference; lastKnownFileType = sourcecode.swift; path = BusinessSearchResultCellViewModel.swift; sourceTree = "<group>"; };
		FA97BAB12616E85A00B14E86 /* UIImage+Extension.swift */ = {isa = PBXFileReference; lastKnownFileType = sourcecode.swift; path = "UIImage+Extension.swift"; sourceTree = "<group>"; };
		FA97BAD52616EA4E00B14E86 /* UIImageView+Extension.swift */ = {isa = PBXFileReference; lastKnownFileType = sourcecode.swift; path = "UIImageView+Extension.swift"; sourceTree = "<group>"; };
		FACF9D292615BFCC0049AF80 /* quelp-app.app */ = {isa = PBXFileReference; explicitFileType = wrapper.application; includeInIndex = 0; path = "quelp-app.app"; sourceTree = BUILT_PRODUCTS_DIR; };
		FACF9D2C2615BFCC0049AF80 /* AppDelegate.swift */ = {isa = PBXFileReference; lastKnownFileType = sourcecode.swift; path = AppDelegate.swift; sourceTree = "<group>"; };
		FACF9D2E2615BFCC0049AF80 /* SceneDelegate.swift */ = {isa = PBXFileReference; lastKnownFileType = sourcecode.swift; path = SceneDelegate.swift; sourceTree = "<group>"; };
		FACF9D302615BFCC0049AF80 /* ViewController.swift */ = {isa = PBXFileReference; lastKnownFileType = sourcecode.swift; path = ViewController.swift; sourceTree = "<group>"; };
		FACF9D332615BFCC0049AF80 /* Base */ = {isa = PBXFileReference; lastKnownFileType = file.storyboard; name = Base; path = Base.lproj/Main.storyboard; sourceTree = "<group>"; };
		FACF9D352615BFCD0049AF80 /* Assets.xcassets */ = {isa = PBXFileReference; lastKnownFileType = folder.assetcatalog; path = Assets.xcassets; sourceTree = "<group>"; };
		FACF9D382615BFCD0049AF80 /* Base */ = {isa = PBXFileReference; lastKnownFileType = file.storyboard; name = Base; path = Base.lproj/LaunchScreen.storyboard; sourceTree = "<group>"; };
		FACF9D3A2615BFCD0049AF80 /* Info.plist */ = {isa = PBXFileReference; lastKnownFileType = text.plist.xml; path = Info.plist; sourceTree = "<group>"; };
		FACF9D3F2615BFCD0049AF80 /* quelp-appTests.xctest */ = {isa = PBXFileReference; explicitFileType = wrapper.cfbundle; includeInIndex = 0; path = "quelp-appTests.xctest"; sourceTree = BUILT_PRODUCTS_DIR; };
		FACF9D432615BFCD0049AF80 /* quelp_appTests.swift */ = {isa = PBXFileReference; lastKnownFileType = sourcecode.swift; path = quelp_appTests.swift; sourceTree = "<group>"; };
		FACF9D452615BFCD0049AF80 /* Info.plist */ = {isa = PBXFileReference; lastKnownFileType = text.plist.xml; path = Info.plist; sourceTree = "<group>"; };
		FACF9D4A2615BFCD0049AF80 /* quelp-appUITests.xctest */ = {isa = PBXFileReference; explicitFileType = wrapper.cfbundle; includeInIndex = 0; path = "quelp-appUITests.xctest"; sourceTree = BUILT_PRODUCTS_DIR; };
		FACF9D4E2615BFCD0049AF80 /* quelp_appUITests.swift */ = {isa = PBXFileReference; lastKnownFileType = sourcecode.swift; path = quelp_appUITests.swift; sourceTree = "<group>"; };
		FACF9D502615BFCD0049AF80 /* Info.plist */ = {isa = PBXFileReference; lastKnownFileType = text.plist.xml; path = Info.plist; sourceTree = "<group>"; };
/* End PBXFileReference section */

/* Begin PBXFrameworksBuildPhase section */
		FACF9D262615BFCC0049AF80 /* Frameworks */ = {
			isa = PBXFrameworksBuildPhase;
			buildActionMask = 2147483647;
			files = (
				5BEECDBA5B461342BDBDCA1D /* Pods_quelp_app.framework in Frameworks */,
			);
			runOnlyForDeploymentPostprocessing = 0;
		};
		FACF9D3C2615BFCD0049AF80 /* Frameworks */ = {
			isa = PBXFrameworksBuildPhase;
			buildActionMask = 2147483647;
			files = (
				0D36809095D80B0DCACF3CD0 /* Pods_quelp_appTests.framework in Frameworks */,
			);
			runOnlyForDeploymentPostprocessing = 0;
		};
		FACF9D472615BFCD0049AF80 /* Frameworks */ = {
			isa = PBXFrameworksBuildPhase;
			buildActionMask = 2147483647;
			files = (
				7A4578AA397E41AE18E18AB0 /* Pods_quelp_app_quelp_appUITests.framework in Frameworks */,
			);
			runOnlyForDeploymentPostprocessing = 0;
		};
/* End PBXFrameworksBuildPhase section */

/* Begin PBXGroup section */
		11EFC7D4DEEEB9117286AA78 /* Pods */ = {
			isa = PBXGroup;
			children = (
				9095D901FC8E8C0D9D6D0073 /* Pods-quelp-app.debug.xcconfig */,
				AB9A035486F8200D82667691 /* Pods-quelp-app.release.xcconfig */,
				00D014FD6A984A0B4C912962 /* Pods-quelp-app-quelp-appUITests.debug.xcconfig */,
				C07D529E2C75FE68C7214CB2 /* Pods-quelp-app-quelp-appUITests.release.xcconfig */,
				9B2B9797ACC3C5BEC73519C9 /* Pods-quelp-appTests.debug.xcconfig */,
				3FC6B260E6031E145437849B /* Pods-quelp-appTests.release.xcconfig */,
			);
			path = Pods;
			sourceTree = "<group>";
		};
		805E7F15C0127B22DB245479 /* Frameworks */ = {
			isa = PBXGroup;
			children = (
				A8796655D4A36891F07ECCD9 /* Pods_quelp_app.framework */,
				D65E73942739E82F51C0EE64 /* Pods_quelp_app_quelp_appUITests.framework */,
				5CD64C520297D47A9759CE31 /* Pods_quelp_appTests.framework */,
			);
			name = Frameworks;
			sourceTree = "<group>";
		};
		FA035ABE2615C268008484D1 /* RequestManagers */ = {
			isa = PBXGroup;
			children = (
				FA035AC22615C2A5008484D1 /* BusinessRequests.swift */,
				FA035ACA2615C2EB008484D1 /* RequestPlugins.swift */,
				FA97BA872615C88A00B14E86 /* QALoadingView.swift */,
			);
			path = RequestManagers;
			sourceTree = "<group>";
		};
		FA2E72BF2616F484001FB82C /* Screens */ = {
			isa = PBXGroup;
			children = (
				FA2E72C02616F49A001FB82C /* BusinessSearch */,
			);
			path = Screens;
			sourceTree = "<group>";
		};
		FA2E72C02616F49A001FB82C /* BusinessSearch */ = {
			isa = PBXGroup;
			children = (
				FA97BAA22616E18D00B14E86 /* BusinessSearchResultCell.swift */,
				FA97BAA32616E18D00B14E86 /* BusinessSearchResultCell.xib */,
				FA97BAA92616E6B400B14E86 /* BusinessSearchResultCellViewModel.swift */,
				FA9708F126170CDD003493C3 /* BusinessSearchResultViewController.swift */,
				FA9708F226170CDD003493C3 /* BusinessSearchResultViewController.xib */,
				FA2E72C42616F4D0001FB82C /* BusinessSearchViewController.swift */,
				FA2E72C52616F4D0001FB82C /* BusinessSearchViewController.xib */,
			);
			path = BusinessSearch;
			sourceTree = "<group>";
		};
		FA97BADA2616EA5D00B14E86 /* Extensions */ = {
			isa = PBXGroup;
			children = (
				FA97BAB12616E85A00B14E86 /* UIImage+Extension.swift */,
				FA97BAD52616EA4E00B14E86 /* UIImageView+Extension.swift */,
				FA2E72F426170757001FB82C /* TextField+Extension.swift */,
			);
			path = Extensions;
			sourceTree = "<group>";
		};
		FA97BADB2616EA7300B14E86 /* Models */ = {
			isa = PBXGroup;
			children = (
				FA97BA9D2615D90300B14E86 /* BusinessModel.swift */,
			);
			path = Models;
			sourceTree = "<group>";
		};
		FACF9D202615BFCC0049AF80 = {
			isa = PBXGroup;
			children = (
				FACF9D2B2615BFCC0049AF80 /* quelp-app */,
				FACF9D422615BFCD0049AF80 /* quelp-appTests */,
				FACF9D4D2615BFCD0049AF80 /* quelp-appUITests */,
				FACF9D2A2615BFCC0049AF80 /* Products */,
				11EFC7D4DEEEB9117286AA78 /* Pods */,
				805E7F15C0127B22DB245479 /* Frameworks */,
			);
			sourceTree = "<group>";
		};
		FACF9D2A2615BFCC0049AF80 /* Products */ = {
			isa = PBXGroup;
			children = (
				FACF9D292615BFCC0049AF80 /* quelp-app.app */,
				FACF9D3F2615BFCD0049AF80 /* quelp-appTests.xctest */,
				FACF9D4A2615BFCD0049AF80 /* quelp-appUITests.xctest */,
			);
			name = Products;
			sourceTree = "<group>";
		};
		FACF9D2B2615BFCC0049AF80 /* quelp-app */ = {
			isa = PBXGroup;
			children = (
				FA2E72BF2616F484001FB82C /* Screens */,
				FA97BADB2616EA7300B14E86 /* Models */,
				FA97BADA2616EA5D00B14E86 /* Extensions */,
				FA035ABE2615C268008484D1 /* RequestManagers */,
				FACF9D2C2615BFCC0049AF80 /* AppDelegate.swift */,
				FACF9D2E2615BFCC0049AF80 /* SceneDelegate.swift */,
				FACF9D302615BFCC0049AF80 /* ViewController.swift */,
				FACF9D322615BFCC0049AF80 /* Main.storyboard */,
				FACF9D352615BFCD0049AF80 /* Assets.xcassets */,
				FA97BA3A2615C7F100B14E86 /* Loading_Airplane_Animation.json */,
				FACF9D372615BFCD0049AF80 /* LaunchScreen.storyboard */,
				FACF9D3A2615BFCD0049AF80 /* Info.plist */,
				FA97BA8C2615C89C00B14E86 /* Constants.swift */,
			);
			path = "quelp-app";
			sourceTree = "<group>";
		};
		FACF9D422615BFCD0049AF80 /* quelp-appTests */ = {
			isa = PBXGroup;
			children = (
				FACF9D432615BFCD0049AF80 /* quelp_appTests.swift */,
				FACF9D452615BFCD0049AF80 /* Info.plist */,
			);
			path = "quelp-appTests";
			sourceTree = "<group>";
		};
		FACF9D4D2615BFCD0049AF80 /* quelp-appUITests */ = {
			isa = PBXGroup;
			children = (
				FACF9D4E2615BFCD0049AF80 /* quelp_appUITests.swift */,
				FACF9D502615BFCD0049AF80 /* Info.plist */,
			);
			path = "quelp-appUITests";
			sourceTree = "<group>";
		};
/* End PBXGroup section */

/* Begin PBXNativeTarget section */
		FACF9D282615BFCC0049AF80 /* quelp-app */ = {
			isa = PBXNativeTarget;
			buildConfigurationList = FACF9D532615BFCD0049AF80 /* Build configuration list for PBXNativeTarget "quelp-app" */;
			buildPhases = (
				254F4EC8C828C13115B14A86 /* [CP] Check Pods Manifest.lock */,
				FACF9D252615BFCC0049AF80 /* Sources */,
				FACF9D262615BFCC0049AF80 /* Frameworks */,
				FACF9D272615BFCC0049AF80 /* Resources */,
				104057EC8F7C1CB4BCC9A878 /* [CP] Embed Pods Frameworks */,
			);
			buildRules = (
			);
			dependencies = (
			);
			name = "quelp-app";
			productName = "quelp-app";
			productReference = FACF9D292615BFCC0049AF80 /* quelp-app.app */;
			productType = "com.apple.product-type.application";
		};
		FACF9D3E2615BFCD0049AF80 /* quelp-appTests */ = {
			isa = PBXNativeTarget;
			buildConfigurationList = FACF9D562615BFCD0049AF80 /* Build configuration list for PBXNativeTarget "quelp-appTests" */;
			buildPhases = (
				9F7B826C4685C84AE6F0B283 /* [CP] Check Pods Manifest.lock */,
				FACF9D3B2615BFCD0049AF80 /* Sources */,
				FACF9D3C2615BFCD0049AF80 /* Frameworks */,
				FACF9D3D2615BFCD0049AF80 /* Resources */,
			);
			buildRules = (
			);
			dependencies = (
				FACF9D412615BFCD0049AF80 /* PBXTargetDependency */,
			);
			name = "quelp-appTests";
			productName = "quelp-appTests";
			productReference = FACF9D3F2615BFCD0049AF80 /* quelp-appTests.xctest */;
			productType = "com.apple.product-type.bundle.unit-test";
		};
		FACF9D492615BFCD0049AF80 /* quelp-appUITests */ = {
			isa = PBXNativeTarget;
			buildConfigurationList = FACF9D592615BFCD0049AF80 /* Build configuration list for PBXNativeTarget "quelp-appUITests" */;
			buildPhases = (
				BE30A712E87FB0552413ED47 /* [CP] Check Pods Manifest.lock */,
				FACF9D462615BFCD0049AF80 /* Sources */,
				FACF9D472615BFCD0049AF80 /* Frameworks */,
				FACF9D482615BFCD0049AF80 /* Resources */,
				7A3564A8F3AAB778B3A70852 /* [CP] Embed Pods Frameworks */,
			);
			buildRules = (
			);
			dependencies = (
				FACF9D4C2615BFCD0049AF80 /* PBXTargetDependency */,
			);
			name = "quelp-appUITests";
			productName = "quelp-appUITests";
			productReference = FACF9D4A2615BFCD0049AF80 /* quelp-appUITests.xctest */;
			productType = "com.apple.product-type.bundle.ui-testing";
		};
/* End PBXNativeTarget section */

/* Begin PBXProject section */
		FACF9D212615BFCC0049AF80 /* Project object */ = {
			isa = PBXProject;
			attributes = {
				LastSwiftUpdateCheck = 1240;
				LastUpgradeCheck = 1240;
				TargetAttributes = {
					FACF9D282615BFCC0049AF80 = {
						CreatedOnToolsVersion = 12.4;
					};
					FACF9D3E2615BFCD0049AF80 = {
						CreatedOnToolsVersion = 12.4;
						TestTargetID = FACF9D282615BFCC0049AF80;
					};
					FACF9D492615BFCD0049AF80 = {
						CreatedOnToolsVersion = 12.4;
						TestTargetID = FACF9D282615BFCC0049AF80;
					};
				};
			};
			buildConfigurationList = FACF9D242615BFCC0049AF80 /* Build configuration list for PBXProject "quelp-app" */;
			compatibilityVersion = "Xcode 9.3";
			developmentRegion = en;
			hasScannedForEncodings = 0;
			knownRegions = (
				en,
				Base,
			);
			mainGroup = FACF9D202615BFCC0049AF80;
			productRefGroup = FACF9D2A2615BFCC0049AF80 /* Products */;
			projectDirPath = "";
			projectRoot = "";
			targets = (
				FACF9D282615BFCC0049AF80 /* quelp-app */,
				FACF9D3E2615BFCD0049AF80 /* quelp-appTests */,
				FACF9D492615BFCD0049AF80 /* quelp-appUITests */,
			);
		};
/* End PBXProject section */

/* Begin PBXResourcesBuildPhase section */
		FACF9D272615BFCC0049AF80 /* Resources */ = {
			isa = PBXResourcesBuildPhase;
			buildActionMask = 2147483647;
			files = (
				FA97BAA52616E18D00B14E86 /* BusinessSearchResultCell.xib in Resources */,
				FACF9D392615BFCD0049AF80 /* LaunchScreen.storyboard in Resources */,
				FA9708F426170CDD003493C3 /* BusinessSearchResultViewController.xib in Resources */,
				FA2E72C72616F4D0001FB82C /* BusinessSearchViewController.xib in Resources */,
				FACF9D362615BFCD0049AF80 /* Assets.xcassets in Resources */,
				FACF9D342615BFCC0049AF80 /* Main.storyboard in Resources */,
				FA97BA3B2615C7F100B14E86 /* Loading_Airplane_Animation.json in Resources */,
			);
			runOnlyForDeploymentPostprocessing = 0;
		};
		FACF9D3D2615BFCD0049AF80 /* Resources */ = {
			isa = PBXResourcesBuildPhase;
			buildActionMask = 2147483647;
			files = (
			);
			runOnlyForDeploymentPostprocessing = 0;
		};
		FACF9D482615BFCD0049AF80 /* Resources */ = {
			isa = PBXResourcesBuildPhase;
			buildActionMask = 2147483647;
			files = (
			);
			runOnlyForDeploymentPostprocessing = 0;
		};
/* End PBXResourcesBuildPhase section */

/* Begin PBXShellScriptBuildPhase section */
		104057EC8F7C1CB4BCC9A878 /* [CP] Embed Pods Frameworks */ = {
			isa = PBXShellScriptBuildPhase;
			buildActionMask = 2147483647;
			files = (
			);
			inputFileListPaths = (
				"${PODS_ROOT}/Target Support Files/Pods-quelp-app/Pods-quelp-app-frameworks-${CONFIGURATION}-input-files.xcfilelist",
			);
			name = "[CP] Embed Pods Frameworks";
			outputFileListPaths = (
				"${PODS_ROOT}/Target Support Files/Pods-quelp-app/Pods-quelp-app-frameworks-${CONFIGURATION}-output-files.xcfilelist",
			);
			runOnlyForDeploymentPostprocessing = 0;
			shellPath = /bin/sh;
			shellScript = "\"${PODS_ROOT}/Target Support Files/Pods-quelp-app/Pods-quelp-app-frameworks.sh\"\n";
			showEnvVarsInLog = 0;
		};
		254F4EC8C828C13115B14A86 /* [CP] Check Pods Manifest.lock */ = {
			isa = PBXShellScriptBuildPhase;
			buildActionMask = 2147483647;
			files = (
			);
			inputFileListPaths = (
			);
			inputPaths = (
				"${PODS_PODFILE_DIR_PATH}/Podfile.lock",
				"${PODS_ROOT}/Manifest.lock",
			);
			name = "[CP] Check Pods Manifest.lock";
			outputFileListPaths = (
			);
			outputPaths = (
				"$(DERIVED_FILE_DIR)/Pods-quelp-app-checkManifestLockResult.txt",
			);
			runOnlyForDeploymentPostprocessing = 0;
			shellPath = /bin/sh;
			shellScript = "diff \"${PODS_PODFILE_DIR_PATH}/Podfile.lock\" \"${PODS_ROOT}/Manifest.lock\" > /dev/null\nif [ $? != 0 ] ; then\n    # print error to STDERR\n    echo \"error: The sandbox is not in sync with the Podfile.lock. Run 'pod install' or update your CocoaPods installation.\" >&2\n    exit 1\nfi\n# This output is used by Xcode 'outputs' to avoid re-running this script phase.\necho \"SUCCESS\" > \"${SCRIPT_OUTPUT_FILE_0}\"\n";
			showEnvVarsInLog = 0;
		};
		7A3564A8F3AAB778B3A70852 /* [CP] Embed Pods Frameworks */ = {
			isa = PBXShellScriptBuildPhase;
			buildActionMask = 2147483647;
			files = (
			);
			inputFileListPaths = (
				"${PODS_ROOT}/Target Support Files/Pods-quelp-app-quelp-appUITests/Pods-quelp-app-quelp-appUITests-frameworks-${CONFIGURATION}-input-files.xcfilelist",
			);
			name = "[CP] Embed Pods Frameworks";
			outputFileListPaths = (
				"${PODS_ROOT}/Target Support Files/Pods-quelp-app-quelp-appUITests/Pods-quelp-app-quelp-appUITests-frameworks-${CONFIGURATION}-output-files.xcfilelist",
			);
			runOnlyForDeploymentPostprocessing = 0;
			shellPath = /bin/sh;
			shellScript = "\"${PODS_ROOT}/Target Support Files/Pods-quelp-app-quelp-appUITests/Pods-quelp-app-quelp-appUITests-frameworks.sh\"\n";
			showEnvVarsInLog = 0;
		};
		9F7B826C4685C84AE6F0B283 /* [CP] Check Pods Manifest.lock */ = {
			isa = PBXShellScriptBuildPhase;
			buildActionMask = 2147483647;
			files = (
			);
			inputFileListPaths = (
			);
			inputPaths = (
				"${PODS_PODFILE_DIR_PATH}/Podfile.lock",
				"${PODS_ROOT}/Manifest.lock",
			);
			name = "[CP] Check Pods Manifest.lock";
			outputFileListPaths = (
			);
			outputPaths = (
				"$(DERIVED_FILE_DIR)/Pods-quelp-appTests-checkManifestLockResult.txt",
			);
			runOnlyForDeploymentPostprocessing = 0;
			shellPath = /bin/sh;
			shellScript = "diff \"${PODS_PODFILE_DIR_PATH}/Podfile.lock\" \"${PODS_ROOT}/Manifest.lock\" > /dev/null\nif [ $? != 0 ] ; then\n    # print error to STDERR\n    echo \"error: The sandbox is not in sync with the Podfile.lock. Run 'pod install' or update your CocoaPods installation.\" >&2\n    exit 1\nfi\n# This output is used by Xcode 'outputs' to avoid re-running this script phase.\necho \"SUCCESS\" > \"${SCRIPT_OUTPUT_FILE_0}\"\n";
			showEnvVarsInLog = 0;
		};
		BE30A712E87FB0552413ED47 /* [CP] Check Pods Manifest.lock */ = {
			isa = PBXShellScriptBuildPhase;
			buildActionMask = 2147483647;
			files = (
			);
			inputFileListPaths = (
			);
			inputPaths = (
				"${PODS_PODFILE_DIR_PATH}/Podfile.lock",
				"${PODS_ROOT}/Manifest.lock",
			);
			name = "[CP] Check Pods Manifest.lock";
			outputFileListPaths = (
			);
			outputPaths = (
				"$(DERIVED_FILE_DIR)/Pods-quelp-app-quelp-appUITests-checkManifestLockResult.txt",
			);
			runOnlyForDeploymentPostprocessing = 0;
			shellPath = /bin/sh;
			shellScript = "diff \"${PODS_PODFILE_DIR_PATH}/Podfile.lock\" \"${PODS_ROOT}/Manifest.lock\" > /dev/null\nif [ $? != 0 ] ; then\n    # print error to STDERR\n    echo \"error: The sandbox is not in sync with the Podfile.lock. Run 'pod install' or update your CocoaPods installation.\" >&2\n    exit 1\nfi\n# This output is used by Xcode 'outputs' to avoid re-running this script phase.\necho \"SUCCESS\" > \"${SCRIPT_OUTPUT_FILE_0}\"\n";
			showEnvVarsInLog = 0;
		};
/* End PBXShellScriptBuildPhase section */

/* Begin PBXSourcesBuildPhase section */
		FACF9D252615BFCC0049AF80 /* Sources */ = {
			isa = PBXSourcesBuildPhase;
			buildActionMask = 2147483647;
			files = (
				FA035ACB2615C2EB008484D1 /* RequestPlugins.swift in Sources */,
				FA97BAA42616E18D00B14E86 /* BusinessSearchResultCell.swift in Sources */,
				FACF9D312615BFCC0049AF80 /* ViewController.swift in Sources */,
				FA97BAAA2616E6B400B14E86 /* BusinessSearchResultCellViewModel.swift in Sources */,
				FA035AC32615C2A5008484D1 /* BusinessRequests.swift in Sources */,
				FA97BA9E2615D90300B14E86 /* BusinessModel.swift in Sources */,
				FA97BAD62616EA4F00B14E86 /* UIImageView+Extension.swift in Sources */,
				FA97BA882615C88A00B14E86 /* QALoadingView.swift in Sources */,
				FA97BA8D2615C89C00B14E86 /* Constants.swift in Sources */,
				FA97BAB22616E85A00B14E86 /* UIImage+Extension.swift in Sources */,
				FA2E72C62616F4D0001FB82C /* BusinessSearchViewController.swift in Sources */,
				FA2E72F526170757001FB82C /* TextField+Extension.swift in Sources */,
				FACF9D2D2615BFCC0049AF80 /* AppDelegate.swift in Sources */,
				FACF9D2F2615BFCC0049AF80 /* SceneDelegate.swift in Sources */,
				FA9708F326170CDD003493C3 /* BusinessSearchResultViewController.swift in Sources */,
			);
			runOnlyForDeploymentPostprocessing = 0;
		};
		FACF9D3B2615BFCD0049AF80 /* Sources */ = {
			isa = PBXSourcesBuildPhase;
			buildActionMask = 2147483647;
			files = (
				FACF9D442615BFCD0049AF80 /* quelp_appTests.swift in Sources */,
			);
			runOnlyForDeploymentPostprocessing = 0;
		};
		FACF9D462615BFCD0049AF80 /* Sources */ = {
			isa = PBXSourcesBuildPhase;
			buildActionMask = 2147483647;
			files = (
				FACF9D4F2615BFCD0049AF80 /* quelp_appUITests.swift in Sources */,
			);
			runOnlyForDeploymentPostprocessing = 0;
		};
/* End PBXSourcesBuildPhase section */

/* Begin PBXTargetDependency section */
		FACF9D412615BFCD0049AF80 /* PBXTargetDependency */ = {
			isa = PBXTargetDependency;
			target = FACF9D282615BFCC0049AF80 /* quelp-app */;
			targetProxy = FACF9D402615BFCD0049AF80 /* PBXContainerItemProxy */;
		};
		FACF9D4C2615BFCD0049AF80 /* PBXTargetDependency */ = {
			isa = PBXTargetDependency;
			target = FACF9D282615BFCC0049AF80 /* quelp-app */;
			targetProxy = FACF9D4B2615BFCD0049AF80 /* PBXContainerItemProxy */;
		};
/* End PBXTargetDependency section */

/* Begin PBXVariantGroup section */
		FACF9D322615BFCC0049AF80 /* Main.storyboard */ = {
			isa = PBXVariantGroup;
			children = (
				FACF9D332615BFCC0049AF80 /* Base */,
			);
			name = Main.storyboard;
			sourceTree = "<group>";
		};
		FACF9D372615BFCD0049AF80 /* LaunchScreen.storyboard */ = {
			isa = PBXVariantGroup;
			children = (
				FACF9D382615BFCD0049AF80 /* Base */,
			);
			name = LaunchScreen.storyboard;
			sourceTree = "<group>";
		};
/* End PBXVariantGroup section */

/* Begin XCBuildConfiguration section */
		FACF9D512615BFCD0049AF80 /* Debug */ = {
			isa = XCBuildConfiguration;
			buildSettings = {
				ALWAYS_SEARCH_USER_PATHS = NO;
				CLANG_ANALYZER_NONNULL = YES;
				CLANG_ANALYZER_NUMBER_OBJECT_CONVERSION = YES_AGGRESSIVE;
				CLANG_CXX_LANGUAGE_STANDARD = "gnu++14";
				CLANG_CXX_LIBRARY = "libc++";
				CLANG_ENABLE_MODULES = YES;
				CLANG_ENABLE_OBJC_ARC = YES;
				CLANG_ENABLE_OBJC_WEAK = YES;
				CLANG_WARN_BLOCK_CAPTURE_AUTORELEASING = YES;
				CLANG_WARN_BOOL_CONVERSION = YES;
				CLANG_WARN_COMMA = YES;
				CLANG_WARN_CONSTANT_CONVERSION = YES;
				CLANG_WARN_DEPRECATED_OBJC_IMPLEMENTATIONS = YES;
				CLANG_WARN_DIRECT_OBJC_ISA_USAGE = YES_ERROR;
				CLANG_WARN_DOCUMENTATION_COMMENTS = YES;
				CLANG_WARN_EMPTY_BODY = YES;
				CLANG_WARN_ENUM_CONVERSION = YES;
				CLANG_WARN_INFINITE_RECURSION = YES;
				CLANG_WARN_INT_CONVERSION = YES;
				CLANG_WARN_NON_LITERAL_NULL_CONVERSION = YES;
				CLANG_WARN_OBJC_IMPLICIT_RETAIN_SELF = YES;
				CLANG_WARN_OBJC_LITERAL_CONVERSION = YES;
				CLANG_WARN_OBJC_ROOT_CLASS = YES_ERROR;
				CLANG_WARN_QUOTED_INCLUDE_IN_FRAMEWORK_HEADER = YES;
				CLANG_WARN_RANGE_LOOP_ANALYSIS = YES;
				CLANG_WARN_STRICT_PROTOTYPES = YES;
				CLANG_WARN_SUSPICIOUS_MOVE = YES;
				CLANG_WARN_UNGUARDED_AVAILABILITY = YES_AGGRESSIVE;
				CLANG_WARN_UNREACHABLE_CODE = YES;
				CLANG_WARN__DUPLICATE_METHOD_MATCH = YES;
				COPY_PHASE_STRIP = NO;
				DEBUG_INFORMATION_FORMAT = dwarf;
				ENABLE_STRICT_OBJC_MSGSEND = YES;
				ENABLE_TESTABILITY = YES;
				GCC_C_LANGUAGE_STANDARD = gnu11;
				GCC_DYNAMIC_NO_PIC = NO;
				GCC_NO_COMMON_BLOCKS = YES;
				GCC_OPTIMIZATION_LEVEL = 0;
				GCC_PREPROCESSOR_DEFINITIONS = (
					"DEBUG=1",
					"$(inherited)",
				);
				GCC_WARN_64_TO_32_BIT_CONVERSION = YES;
				GCC_WARN_ABOUT_RETURN_TYPE = YES_ERROR;
				GCC_WARN_UNDECLARED_SELECTOR = YES;
				GCC_WARN_UNINITIALIZED_AUTOS = YES_AGGRESSIVE;
				GCC_WARN_UNUSED_FUNCTION = YES;
				GCC_WARN_UNUSED_VARIABLE = YES;
				IPHONEOS_DEPLOYMENT_TARGET = 14.4;
				MTL_ENABLE_DEBUG_INFO = INCLUDE_SOURCE;
				MTL_FAST_MATH = YES;
				ONLY_ACTIVE_ARCH = YES;
				SDKROOT = iphoneos;
				SWIFT_ACTIVE_COMPILATION_CONDITIONS = DEBUG;
				SWIFT_OPTIMIZATION_LEVEL = "-Onone";
			};
			name = Debug;
		};
		FACF9D522615BFCD0049AF80 /* Release */ = {
			isa = XCBuildConfiguration;
			buildSettings = {
				ALWAYS_SEARCH_USER_PATHS = NO;
				CLANG_ANALYZER_NONNULL = YES;
				CLANG_ANALYZER_NUMBER_OBJECT_CONVERSION = YES_AGGRESSIVE;
				CLANG_CXX_LANGUAGE_STANDARD = "gnu++14";
				CLANG_CXX_LIBRARY = "libc++";
				CLANG_ENABLE_MODULES = YES;
				CLANG_ENABLE_OBJC_ARC = YES;
				CLANG_ENABLE_OBJC_WEAK = YES;
				CLANG_WARN_BLOCK_CAPTURE_AUTORELEASING = YES;
				CLANG_WARN_BOOL_CONVERSION = YES;
				CLANG_WARN_COMMA = YES;
				CLANG_WARN_CONSTANT_CONVERSION = YES;
				CLANG_WARN_DEPRECATED_OBJC_IMPLEMENTATIONS = YES;
				CLANG_WARN_DIRECT_OBJC_ISA_USAGE = YES_ERROR;
				CLANG_WARN_DOCUMENTATION_COMMENTS = YES;
				CLANG_WARN_EMPTY_BODY = YES;
				CLANG_WARN_ENUM_CONVERSION = YES;
				CLANG_WARN_INFINITE_RECURSION = YES;
				CLANG_WARN_INT_CONVERSION = YES;
				CLANG_WARN_NON_LITERAL_NULL_CONVERSION = YES;
				CLANG_WARN_OBJC_IMPLICIT_RETAIN_SELF = YES;
				CLANG_WARN_OBJC_LITERAL_CONVERSION = YES;
				CLANG_WARN_OBJC_ROOT_CLASS = YES_ERROR;
				CLANG_WARN_QUOTED_INCLUDE_IN_FRAMEWORK_HEADER = YES;
				CLANG_WARN_RANGE_LOOP_ANALYSIS = YES;
				CLANG_WARN_STRICT_PROTOTYPES = YES;
				CLANG_WARN_SUSPICIOUS_MOVE = YES;
				CLANG_WARN_UNGUARDED_AVAILABILITY = YES_AGGRESSIVE;
				CLANG_WARN_UNREACHABLE_CODE = YES;
				CLANG_WARN__DUPLICATE_METHOD_MATCH = YES;
				COPY_PHASE_STRIP = NO;
				DEBUG_INFORMATION_FORMAT = "dwarf-with-dsym";
				ENABLE_NS_ASSERTIONS = NO;
				ENABLE_STRICT_OBJC_MSGSEND = YES;
				GCC_C_LANGUAGE_STANDARD = gnu11;
				GCC_NO_COMMON_BLOCKS = YES;
				GCC_WARN_64_TO_32_BIT_CONVERSION = YES;
				GCC_WARN_ABOUT_RETURN_TYPE = YES_ERROR;
				GCC_WARN_UNDECLARED_SELECTOR = YES;
				GCC_WARN_UNINITIALIZED_AUTOS = YES_AGGRESSIVE;
				GCC_WARN_UNUSED_FUNCTION = YES;
				GCC_WARN_UNUSED_VARIABLE = YES;
				IPHONEOS_DEPLOYMENT_TARGET = 14.4;
				MTL_ENABLE_DEBUG_INFO = NO;
				MTL_FAST_MATH = YES;
				SDKROOT = iphoneos;
				SWIFT_COMPILATION_MODE = wholemodule;
				SWIFT_OPTIMIZATION_LEVEL = "-O";
				VALIDATE_PRODUCT = YES;
			};
			name = Release;
		};
		FACF9D542615BFCD0049AF80 /* Debug */ = {
			isa = XCBuildConfiguration;
			baseConfigurationReference = 9095D901FC8E8C0D9D6D0073 /* Pods-quelp-app.debug.xcconfig */;
			buildSettings = {
				ASSETCATALOG_COMPILER_APPICON_NAME = AppIcon;
				ASSETCATALOG_COMPILER_GLOBAL_ACCENT_COLOR_NAME = AccentColor;
				CODE_SIGN_STYLE = Automatic;
				INFOPLIST_FILE = "quelp-app/Info.plist";
				LD_RUNPATH_SEARCH_PATHS = (
					"$(inherited)",
					"@executable_path/Frameworks",
				);
				PRODUCT_BUNDLE_IDENTIFIER = "com.quantrics.quelp-app";
				PRODUCT_NAME = "$(TARGET_NAME)";
				SWIFT_VERSION = 5.0;
				TARGETED_DEVICE_FAMILY = "1,2";
			};
			name = Debug;
		};
		FACF9D552615BFCD0049AF80 /* Release */ = {
			isa = XCBuildConfiguration;
			baseConfigurationReference = AB9A035486F8200D82667691 /* Pods-quelp-app.release.xcconfig */;
			buildSettings = {
				ASSETCATALOG_COMPILER_APPICON_NAME = AppIcon;
				ASSETCATALOG_COMPILER_GLOBAL_ACCENT_COLOR_NAME = AccentColor;
				CODE_SIGN_STYLE = Automatic;
				INFOPLIST_FILE = "quelp-app/Info.plist";
				LD_RUNPATH_SEARCH_PATHS = (
					"$(inherited)",
					"@executable_path/Frameworks",
				);
				PRODUCT_BUNDLE_IDENTIFIER = "com.quantrics.quelp-app";
				PRODUCT_NAME = "$(TARGET_NAME)";
				SWIFT_VERSION = 5.0;
				TARGETED_DEVICE_FAMILY = "1,2";
			};
			name = Release;
		};
		FACF9D572615BFCD0049AF80 /* Debug */ = {
			isa = XCBuildConfiguration;
			baseConfigurationReference = 9B2B9797ACC3C5BEC73519C9 /* Pods-quelp-appTests.debug.xcconfig */;
			buildSettings = {
				ALWAYS_EMBED_SWIFT_STANDARD_LIBRARIES = YES;
				BUNDLE_LOADER = "$(TEST_HOST)";
				CODE_SIGN_STYLE = Automatic;
				INFOPLIST_FILE = "quelp-appTests/Info.plist";
				IPHONEOS_DEPLOYMENT_TARGET = 14.4;
				LD_RUNPATH_SEARCH_PATHS = (
					"$(inherited)",
					"@executable_path/Frameworks",
					"@loader_path/Frameworks",
				);
				PRODUCT_BUNDLE_IDENTIFIER = "com.quantrics.quelp-appTests";
				PRODUCT_NAME = "$(TARGET_NAME)";
				SWIFT_VERSION = 5.0;
				TARGETED_DEVICE_FAMILY = "1,2";
				TEST_HOST = "$(BUILT_PRODUCTS_DIR)/quelp-app.app/quelp-app";
			};
			name = Debug;
		};
		FACF9D582615BFCD0049AF80 /* Release */ = {
			isa = XCBuildConfiguration;
			baseConfigurationReference = 3FC6B260E6031E145437849B /* Pods-quelp-appTests.release.xcconfig */;
			buildSettings = {
				ALWAYS_EMBED_SWIFT_STANDARD_LIBRARIES = YES;
				BUNDLE_LOADER = "$(TEST_HOST)";
				CODE_SIGN_STYLE = Automatic;
				INFOPLIST_FILE = "quelp-appTests/Info.plist";
				IPHONEOS_DEPLOYMENT_TARGET = 14.4;
				LD_RUNPATH_SEARCH_PATHS = (
					"$(inherited)",
					"@executable_path/Frameworks",
					"@loader_path/Frameworks",
				);
				PRODUCT_BUNDLE_IDENTIFIER = "com.quantrics.quelp-appTests";
				PRODUCT_NAME = "$(TARGET_NAME)";
				SWIFT_VERSION = 5.0;
				TARGETED_DEVICE_FAMILY = "1,2";
				TEST_HOST = "$(BUILT_PRODUCTS_DIR)/quelp-app.app/quelp-app";
			};
			name = Release;
		};
		FACF9D5A2615BFCD0049AF80 /* Debug */ = {
			isa = XCBuildConfiguration;
			baseConfigurationReference = 00D014FD6A984A0B4C912962 /* Pods-quelp-app-quelp-appUITests.debug.xcconfig */;
			buildSettings = {
				ALWAYS_EMBED_SWIFT_STANDARD_LIBRARIES = YES;
				CODE_SIGN_STYLE = Automatic;
				INFOPLIST_FILE = "quelp-appUITests/Info.plist";
				LD_RUNPATH_SEARCH_PATHS = (
					"$(inherited)",
					"@executable_path/Frameworks",
					"@loader_path/Frameworks",
				);
				PRODUCT_BUNDLE_IDENTIFIER = "com.quantrics.quelp-appUITests";
				PRODUCT_NAME = "$(TARGET_NAME)";
				SWIFT_VERSION = 5.0;
				TARGETED_DEVICE_FAMILY = "1,2";
				TEST_TARGET_NAME = "quelp-app";
			};
			name = Debug;
		};
		FACF9D5B2615BFCD0049AF80 /* Release */ = {
			isa = XCBuildConfiguration;
			baseConfigurationReference = C07D529E2C75FE68C7214CB2 /* Pods-quelp-app-quelp-appUITests.release.xcconfig */;
			buildSettings = {
				ALWAYS_EMBED_SWIFT_STANDARD_LIBRARIES = YES;
				CODE_SIGN_STYLE = Automatic;
				INFOPLIST_FILE = "quelp-appUITests/Info.plist";
				LD_RUNPATH_SEARCH_PATHS = (
					"$(inherited)",
					"@executable_path/Frameworks",
					"@loader_path/Frameworks",
				);
				PRODUCT_BUNDLE_IDENTIFIER = "com.quantrics.quelp-appUITests";
				PRODUCT_NAME = "$(TARGET_NAME)";
				SWIFT_VERSION = 5.0;
				TARGETED_DEVICE_FAMILY = "1,2";
				TEST_TARGET_NAME = "quelp-app";
			};
			name = Release;
		};
/* End XCBuildConfiguration section */

/* Begin XCConfigurationList section */
		FACF9D242615BFCC0049AF80 /* Build configuration list for PBXProject "quelp-app" */ = {
			isa = XCConfigurationList;
			buildConfigurations = (
				FACF9D512615BFCD0049AF80 /* Debug */,
				FACF9D522615BFCD0049AF80 /* Release */,
			);
			defaultConfigurationIsVisible = 0;
			defaultConfigurationName = Release;
		};
		FACF9D532615BFCD0049AF80 /* Build configuration list for PBXNativeTarget "quelp-app" */ = {
			isa = XCConfigurationList;
			buildConfigurations = (
				FACF9D542615BFCD0049AF80 /* Debug */,
				FACF9D552615BFCD0049AF80 /* Release */,
			);
			defaultConfigurationIsVisible = 0;
			defaultConfigurationName = Release;
		};
		FACF9D562615BFCD0049AF80 /* Build configuration list for PBXNativeTarget "quelp-appTests" */ = {
			isa = XCConfigurationList;
			buildConfigurations = (
				FACF9D572615BFCD0049AF80 /* Debug */,
				FACF9D582615BFCD0049AF80 /* Release */,
			);
			defaultConfigurationIsVisible = 0;
			defaultConfigurationName = Release;
		};
		FACF9D592615BFCD0049AF80 /* Build configuration list for PBXNativeTarget "quelp-appUITests" */ = {
			isa = XCConfigurationList;
			buildConfigurations = (
				FACF9D5A2615BFCD0049AF80 /* Debug */,
				FACF9D5B2615BFCD0049AF80 /* Release */,
			);
			defaultConfigurationIsVisible = 0;
			defaultConfigurationName = Release;
		};
/* End XCConfigurationList section */
	};
	rootObject = FACF9D212615BFCC0049AF80 /* Project object */;
}
